
Microsoft Visual Studio Solution File, Format Version 12.00
# Visual Studio Version 17
VisualStudioVersion = 17.9.34728.123
MinimumVisualStudioVersion = 10.0.40219.1
Project("{FAE04EC0-301F-11D3-BF4B-00C04F79EFBC}") = "Multi-threadingLINQandEvents", "Multi-threadingLINQandEvents\Multi-threadingLINQandEvents.csproj", "{36287428-2C20-4F11-BE17-7ECE2A0DE708}"
EndProject
Global
	GlobalSection(SolutionConfigurationPlatforms) = preSolution
		Debug|Any CPU = Debug|Any CPU
		Release|Any CPU = Release|Any CPU
	EndGlobalSection
	GlobalSection(ProjectConfigurationPlatforms) = postSolution
		{36287428-2C20-4F11-BE17-7ECE2A0DE708}.Debug|Any CPU.ActiveCfg = Debug|Any CPU
		{36287428-2C20-4F11-BE17-7ECE2A0DE708}.Debug|Any CPU.Build.0 = Debug|Any CPU
		{36287428-2C20-4F11-BE17-7ECE2A0DE708}.Release|Any CPU.ActiveCfg = Release|Any CPU
		{36287428-2C20-4F11-BE17-7ECE2A0DE708}.Release|Any CPU.Build.0 = Release|Any CPU
	EndGlobalSection
	GlobalSection(SolutionProperties) = preSolution
		HideSolutionNode = FALSE
	EndGlobalSection
	GlobalSection(ExtensibilityGlobals) = postSolution
		SolutionGuid = {691E6438-38BC-43D8-853C-52AD326B06C9}
	EndGlobalSection
EndGlobal
